github.com/google/go-cmp v0.7.0 h1:wk8382ETsv4JYUZwIsn6YpYiWiBsYLSJiTsyBybVuN8=
github.com/google/go-cmp v0.7.0/go.mod h1:pXiqmnSA92OHEEa9HXL2W4E7lf9JzCmGVUdgjX3N/iU=
github.com/libp2p/go-libp2p v0.45.0 h1:Pdhr2HsFXaYjtfiNcBP4CcRUONvbMFdH3puM9vV4Tiw=
github.com/libp2p/go-libp2p v0.45.0/go.mod h1:NovCojezAt4dnDd4fH048K7PKEqH0UFYYqJRjIIu8zc=
github.com/multiformats/go-multistream v0.6.1 h1:4aoX5v6T+yWmc2raBHsTvzmFhOI8WVOer28DeBBEYdQ=
github.com/multiformats/go-multistream v0.6.1/go.mod h1:ksQf6kqHAb6zIsyw7Zm+gAuVo57Qbq84E27YlYqavqw=
github.com/multiformats/go-varint v0.0.7 h1:sWSGR+f/eu5ABZA2ZpYKBILXTTs9JWpdEM/nEGOHFS8=
github.com/multiformats/go-varint v0.0.7/go.mod h1:r8PUYw/fD/SjBCiKOoDlGF6QawOELpZAu9eioSos/OU=
google.golang.org/protobuf v1.36.6 h1:z1NpPI8ku2WgiWnf+t9wTPsn6eP1L7ksHUlkfLvd9xY=
google.golang.org/protobuf v1.36.6/go.mod h1:jduwjTPXsFjZGTmRluh+L6NjiWu7pchiJ2/5YcXBHnY=
